// !$*UTF8*$!
{
	archiveVersion = 1;
	classes = {
	};
	objectVersion = 46;
	objects = {

/* Begin PBXBuildFile section */
		02CC9D7C1BCB2400001D1659 /* libz.tbd in Frameworks */ = {isa = PBXBuildFile; fileRef = 02CC9D7B1BCB2400001D1659 /* libz.tbd */; };
		02CC9D7E1BCB240A001D1659 /* libsqlite3.tbd in Frameworks */ = {isa = PBXBuildFile; fileRef = 02CC9D7D1BCB240A001D1659 /* libsqlite3.tbd */; };
		180975EB19691F260073795C /* exchangeui.bundle in Resources */ = {isa = PBXBuildFile; fileRef = 18D6C1FF194610C6000909F4 /* exchangeui.bundle */; };
		180D25BF195A6A64002C34DC /* UniversalDB.m in Sources */ = {isa = PBXBuildFile; fileRef = 180D25BE195A6A64002C34DC /* UniversalDB.m */; };
		180D25C2195A6A85002C34DC /* ExchangeAssist.m in Sources */ = {isa = PBXBuildFile; fileRef = 180D25C1195A6A85002C34DC /* ExchangeAssist.m */; };
		180D25CA195A6AA2002C34DC /* step1.PNG in Resources */ = {isa = PBXBuildFile; fileRef = 180D25C4195A6AA2002C34DC /* step1.PNG */; };
		180D25CB195A6AA2002C34DC /* step2.PNG in Resources */ = {isa = PBXBuildFile; fileRef = 180D25C5195A6AA2002C34DC /* step2.PNG */; };
		180D25CC195A6AA2002C34DC /* step3.PNG in Resources */ = {isa = PBXBuildFile; fileRef = 180D25C6195A6AA2002C34DC /* step3.PNG */; };
		180D25CD195A6AA2002C34DC /* step4.PNG in Resources */ = {isa = PBXBuildFile; fileRef = 180D25C7195A6AA2002C34DC /* step4.PNG */; };
		180D25CE195A6AA2002C34DC /* step5.PNG in Resources */ = {isa = PBXBuildFile; fileRef = 180D25C8195A6AA2002C34DC /* step5.PNG */; };
		180D25CF195A6AA2002C34DC /* tutorial.html in Resources */ = {isa = PBXBuildFile; fileRef = 180D25C9195A6AA2002C34DC /* tutorial.html */; };
		180D25D1195A6AAD002C34DC /* universal.db in Resources */ = {isa = PBXBuildFile; fileRef = 180D25D0195A6AAD002C34DC /* universal.db */; };
		180D25D4195A6AD9002C34DC /* UpdatePassphrase.m in Sources */ = {isa = PBXBuildFile; fileRef = 180D25D3195A6AD9002C34DC /* UpdatePassphrase.m */; };
		180D25D7195A6AE6002C34DC /* IdleHandler.m in Sources */ = {isa = PBXBuildFile; fileRef = 180D25D6195A6AE6002C34DC /* IdleHandler.m */; };
		182E220E1950AC5900F5997A /* MessageReceiver.m in Sources */ = {isa = PBXBuildFile; fileRef = 182E220D1950AC5900F5997A /* MessageReceiver.m */; };
		182E22111950B5E700F5997A /* MessageDetailView.m in Sources */ = {isa = PBXBuildFile; fileRef = 182E22101950B5E700F5997A /* MessageDetailView.m */; };
		182EF414195626FF00CDA2D4 /* TimePicker.m in Sources */ = {isa = PBXBuildFile; fileRef = 182EF413195626FF00CDA2D4 /* TimePicker.m */; };
		1846A16D196221C6008C6A00 /* InvitationView.m in Sources */ = {isa = PBXBuildFile; fileRef = 1846A16C196221C6008C6A00 /* InvitationView.m */; };
		185CEC3E19DB6B2900A9EF65 /* AssetsLibrary.framework in Frameworks */ = {isa = PBXBuildFile; fileRef = 185CEC3D19DB6B2900A9EF65 /* AssetsLibrary.framework */; };
		1860573919451001002DD149 /* Foundation.framework in Frameworks */ = {isa = PBXBuildFile; fileRef = 1860573819451001002DD149 /* Foundation.framework */; };
		1860574519451001002DD149 /* main.m in Sources */ = {isa = PBXBuildFile; fileRef = 1860574419451001002DD149 /* main.m */; };
		1860574919451001002DD149 /* AppDelegate.m in Sources */ = {isa = PBXBuildFile; fileRef = 1860574819451001002DD149 /* AppDelegate.m */; };
		1860575419451001002DD149 /* Images.xcassets in Resources */ = {isa = PBXBuildFile; fileRef = 1860575319451001002DD149 /* Images.xcassets */; };
		186057771945174B002DD149 /* IntroduceView.m in Sources */ = {isa = PBXBuildFile; fileRef = 186057761945174B002DD149 /* IntroduceView.m */; };
		1860577D194518F2002DD149 /* SlingkeyView.m in Sources */ = {isa = PBXBuildFile; fileRef = 1860577C194518F2002DD149 /* SlingkeyView.m */; };
		18605791194534BB002DD149 /* SetupView.m in Sources */ = {isa = PBXBuildFile; fileRef = 18605790194534BB002DD149 /* SetupView.m */; };
		1869D6571948A50400B186D3 /* safeslinger-20120828.db in Resources */ = {isa = PBXBuildFile; fileRef = 1869D6561948A50400B186D3 /* safeslinger-20120828.db */; };
		1869D6601948CAEF00B186D3 /* ContactManageView.m in Sources */ = {isa = PBXBuildFile; fileRef = 1869D65F1948CAEF00B186D3 /* ContactManageView.m */; };
		188EF46E194F90FA0022E6C3 /* ConfigView.m in Sources */ = {isa = PBXBuildFile; fileRef = 188EF46D194F90FA0022E6C3 /* ConfigView.m */; };
		188EF471194F911C0022E6C3 /* AboutView.m in Sources */ = {isa = PBXBuildFile; fileRef = 188EF470194F911C0022E6C3 /* AboutView.m */; };
		188EF474194F91290022E6C3 /* KeySelectionView.m in Sources */ = {isa = PBXBuildFile; fileRef = 188EF473194F91290022E6C3 /* KeySelectionView.m */; };
		18B08429197EF05C00D9805A /* help.html in Resources */ = {isa = PBXBuildFile; fileRef = 18B08428197EF05C00D9805A /* help.html */; };
		18B0842C197EF14F00D9805A /* HelpAssist.m in Sources */ = {isa = PBXBuildFile; fileRef = 18B0842B197EF14F00D9805A /* HelpAssist.m */; };
		18D6C19E19460DC9000909F4 /* Main.storyboard in Resources */ = {isa = PBXBuildFile; fileRef = 18D6C19D19460DC9000909F4 /* Main.storyboard */; };
		18D6C1F51946107D000909F4 /* SSEngine.m in Sources */ = {isa = PBXBuildFile; fileRef = 18D6C1F31946107D000909F4 /* SSEngine.m */; };
		18D6C20519461268000909F4 /* BackupCloud.m in Sources */ = {isa = PBXBuildFile; fileRef = 18D6C20319461268000909F4 /* BackupCloud.m */; };
		18D6C2081946136E000909F4 /* ErrorLogger.m in Sources */ = {isa = PBXBuildFile; fileRef = 18D6C2061946136E000909F4 /* ErrorLogger.m */; };
		18D6C20B1946139F000909F4 /* SafeSlingerDB.m in Sources */ = {isa = PBXBuildFile; fileRef = 18D6C2091946139F000909F4 /* SafeSlingerDB.m */; };
		18D6C20E1946141F000909F4 /* Utility.m in Sources */ = {isa = PBXBuildFile; fileRef = 18D6C20C1946141F000909F4 /* Utility.m */; };
		18D6C21519461E71000909F4 /* VCardParser.m in Sources */ = {isa = PBXBuildFile; fileRef = 18D6C21319461E71000909F4 /* VCardParser.m */; };
		18D6C21B19462622000909F4 /* libsafeslingerexchange.a in Frameworks */ = {isa = PBXBuildFile; fileRef = 18D6C1FD194610C6000909F4 /* libsafeslingerexchange.a */; };
		18D6C23119462D59000909F4 /* CFNetwork.framework in Frameworks */ = {isa = PBXBuildFile; fileRef = 18D6C23019462D59000909F4 /* CFNetwork.framework */; };
		18D6C23519462D83000909F4 /* Security.framework in Frameworks */ = {isa = PBXBuildFile; fileRef = 18D6C23419462D83000909F4 /* Security.framework */; };
		18D6C24119462E19000909F4 /* AudioToolbox.framework in Frameworks */ = {isa = PBXBuildFile; fileRef = 18D6C24019462E19000909F4 /* AudioToolbox.framework */; };
		18D6C24619462ED2000909F4 /* MessageUI.framework in Frameworks */ = {isa = PBXBuildFile; fileRef = 18D6C23C19462DD6000909F4 /* MessageUI.framework */; };
		18D6C24819462F41000909F4 /* CoreData.framework in Frameworks */ = {isa = PBXBuildFile; fileRef = 18D6C24719462F41000909F4 /* CoreData.framework */; };
		18D6C25019463D25000909F4 /* Passphase.m in Sources */ = {isa = PBXBuildFile; fileRef = 18D6C24E19463D25000909F4 /* Passphase.m */; };
		18D6C25519463EF7000909F4 /* logo.jpg in Resources */ = {isa = PBXBuildFile; fileRef = 18D6C25319463EF7000909F4 /* logo.jpg */; };
		18D6C25A1946418C000909F4 /* MainController.m in Sources */ = {isa = PBXBuildFile; fileRef = 18D6C2591946418C000909F4 /* MainController.m */; };
		18D6C25E19464CEE000909F4 /* AddressBook.framework in Frameworks */ = {isa = PBXBuildFile; fileRef = 18D6C21F1946267B000909F4 /* AddressBook.framework */; };
		18DE29741A75BEB0008CC41E /* RegistrationHandler.m in Sources */ = {isa = PBXBuildFile; fileRef = 18DE29731A75BEB0008CC41E /* RegistrationHandler.m */; };
		18DE70FE194BA38400C43F84 /* ContactSelectView.m in Sources */ = {isa = PBXBuildFile; fileRef = 18DE70FD194BA38400C43F84 /* ContactSelectView.m */; };
		18DE7102194BA54C00C43F84 /* ContactCellView.m in Sources */ = {isa = PBXBuildFile; fileRef = 18DE7101194BA54C00C43F84 /* ContactCellView.m */; };
		18F908401982EFC0004B540B /* help2.PNG in Resources */ = {isa = PBXBuildFile; fileRef = 18F9083E1982EFC0004B540B /* help2.PNG */; };
		18F908411982EFC0004B540B /* help1.PNG in Resources */ = {isa = PBXBuildFile; fileRef = 18F9083F1982EFC0004B540B /* help1.PNG */; };
		18F908441982F736004B540B /* help4.PNG in Resources */ = {isa = PBXBuildFile; fileRef = 18F908421982F736004B540B /* help4.PNG */; };
		18F908451982F736004B540B /* help3.PNG in Resources */ = {isa = PBXBuildFile; fileRef = 18F908431982F736004B540B /* help3.PNG */; };
		18FBD719194A0407006CA09C /* Localizable.strings in Resources */ = {isa = PBXBuildFile; fileRef = 18FBD6C8194A0407006CA09C /* Localizable.strings */; };
		18FBD71C194A088E006CA09C /* AudioRecordView.m in Sources */ = {isa = PBXBuildFile; fileRef = 18FBD71B194A088E006CA09C /* AudioRecordView.m */; };
		18FBD720194A0EED006CA09C /* MessageView.m in Sources */ = {isa = PBXBuildFile; fileRef = 18FBD71F194A0EED006CA09C /* MessageView.m */; };
		18FBD723194A2243006CA09C /* FunctionView.m in Sources */ = {isa = PBXBuildFile; fileRef = 18FBD722194A2243006CA09C /* FunctionView.m */; };
		18FBD727194A4478006CA09C /* EndExchangeView.m in Sources */ = {isa = PBXBuildFile; fileRef = 18FBD726194A4478006CA09C /* EndExchangeView.m */; };
		414C9E341A72EAD700E03916 /* MessageSender.m in Sources */ = {isa = PBXBuildFile; fileRef = 414C9E331A72EAD700E03916 /* MessageSender.m */; };
		41AE90721A0ADDAC009E08C4 /* ContactEntry.m in Sources */ = {isa = PBXBuildFile; fileRef = 41AE90711A0ADDAC009E08C4 /* ContactEntry.m */; };
		41FF4BB81B0E8E1B00EE9C50 /* MessageDecryptor.m in Sources */ = {isa = PBXBuildFile; fileRef = 41FF4BB71B0E8E1B00EE9C50 /* MessageDecryptor.m */; };
/* End PBXBuildFile section */

/* Begin PBXContainerItemProxy section */
		18D6C1FC194610C6000909F4 /* PBXContainerItemProxy */ = {
			isa = PBXContainerItemProxy;
			containerPortal = 18D6C1F7194610C6000909F4 /* safeslingerexchange.xcodeproj */;
			proxyType = 2;
			remoteGlobalIDString = 18FA4BD6192E8DFF00734976;
			remoteInfo = safeslingerexchange;
		};
		18D6C1FE194610C6000909F4 /* PBXContainerItemProxy */ = {
			isa = PBXContainerItemProxy;
			containerPortal = 18D6C1F7194610C6000909F4 /* safeslingerexchange.xcodeproj */;
			proxyType = 2;
			remoteGlobalIDString = 189793B119351DE3004C4409;
			remoteInfo = exchangeui;
		};
		18EE9A251948E4B400445D63 /* PBXContainerItemProxy */ = {
			isa = PBXContainerItemProxy;
			containerPortal = 18D6C1F7194610C6000909F4 /* safeslingerexchange.xcodeproj */;
			proxyType = 1;
			remoteGlobalIDString = 18FA4BD5192E8DFF00734976;
			remoteInfo = safeslingerexchange;
		};
/* End PBXContainerItemProxy section */

/* Begin PBXFileReference section */
		02CC9D7B1BCB2400001D1659 /* libz.tbd */ = {isa = PBXFileReference; lastKnownFileType = "sourcecode.text-based-dylib-definition"; name = libz.tbd; path = usr/lib/libz.tbd; sourceTree = SDKROOT; };
		02CC9D7D1BCB240A001D1659 /* libsqlite3.tbd */ = {isa = PBXFileReference; lastKnownFileType = "sourcecode.text-based-dylib-definition"; name = libsqlite3.tbd; path = usr/lib/libsqlite3.tbd; sourceTree = SDKROOT; };
		180D25BD195A6A64002C34DC /* UniversalDB.h */ = {isa = PBXFileReference; fileEncoding = 4; lastKnownFileType = sourcecode.c.h; path = UniversalDB.h; sourceTree = "<group>"; };
		180D25BE195A6A64002C34DC /* UniversalDB.m */ = {isa = PBXFileReference; fileEncoding = 4; lastKnownFileType = sourcecode.c.objc; path = UniversalDB.m; sourceTree = "<group>"; };
		180D25C0195A6A85002C34DC /* ExchangeAssist.h */ = {isa = PBXFileReference; fileEncoding = 4; lastKnownFileType = sourcecode.c.h; path = ExchangeAssist.h; sourceTree = "<group>"; };
		180D25C1195A6A85002C34DC /* ExchangeAssist.m */ = {isa = PBXFileReference; fileEncoding = 4; lastKnownFileType = sourcecode.c.objc; path = ExchangeAssist.m; sourceTree = "<group>"; };
		180D25C4195A6AA2002C34DC /* step1.PNG */ = {isa = PBXFileReference; lastKnownFileType = image.png; path = step1.PNG; sourceTree = "<group>"; };
		180D25C5195A6AA2002C34DC /* step2.PNG */ = {isa = PBXFileReference; lastKnownFileType = image.png; path = step2.PNG; sourceTree = "<group>"; };
		180D25C6195A6AA2002C34DC /* step3.PNG */ = {isa = PBXFileReference; lastKnownFileType = image.png; path = step3.PNG; sourceTree = "<group>"; };
		180D25C7195A6AA2002C34DC /* step4.PNG */ = {isa = PBXFileReference; lastKnownFileType = image.png; path = step4.PNG; sourceTree = "<group>"; };
		180D25C8195A6AA2002C34DC /* step5.PNG */ = {isa = PBXFileReference; lastKnownFileType = image.png; path = step5.PNG; sourceTree = "<group>"; };
		180D25C9195A6AA2002C34DC /* tutorial.html */ = {isa = PBXFileReference; fileEncoding = 4; lastKnownFileType = text.html; path = tutorial.html; sourceTree = "<group>"; };
		180D25D0195A6AAD002C34DC /* universal.db */ = {isa = PBXFileReference; lastKnownFileType = file; path = universal.db; sourceTree = "<group>"; };
		180D25D2195A6AD9002C34DC /* UpdatePassphrase.h */ = {isa = PBXFileReference; fileEncoding = 4; lastKnownFileType = sourcecode.c.h; path = UpdatePassphrase.h; sourceTree = "<group>"; };
		180D25D3195A6AD9002C34DC /* UpdatePassphrase.m */ = {isa = PBXFileReference; fileEncoding = 4; lastKnownFileType = sourcecode.c.objc; path = UpdatePassphrase.m; sourceTree = "<group>"; };
		180D25D5195A6AE6002C34DC /* IdleHandler.h */ = {isa = PBXFileReference; fileEncoding = 4; lastKnownFileType = sourcecode.c.h; path = IdleHandler.h; sourceTree = "<group>"; };
		180D25D6195A6AE6002C34DC /* IdleHandler.m */ = {isa = PBXFileReference; fileEncoding = 4; lastKnownFileType = sourcecode.c.objc; path = IdleHandler.m; sourceTree = "<group>"; };
		182E220C1950AC5900F5997A /* MessageReceiver.h */ = {isa = PBXFileReference; fileEncoding = 4; lastKnownFileType = sourcecode.c.h; path = MessageReceiver.h; sourceTree = "<group>"; };
		182E220D1950AC5900F5997A /* MessageReceiver.m */ = {isa = PBXFileReference; fileEncoding = 4; lastKnownFileType = sourcecode.c.objc; path = MessageReceiver.m; sourceTree = "<group>"; };
		182E220F1950B5E700F5997A /* MessageDetailView.h */ = {isa = PBXFileReference; fileEncoding = 4; lastKnownFileType = sourcecode.c.h; path = MessageDetailView.h; sourceTree = "<group>"; };
		182E22101950B5E700F5997A /* MessageDetailView.m */ = {isa = PBXFileReference; fileEncoding = 4; lastKnownFileType = sourcecode.c.objc; path = MessageDetailView.m; sourceTree = "<group>"; };
		182EF412195626FF00CDA2D4 /* TimePicker.h */ = {isa = PBXFileReference; fileEncoding = 4; lastKnownFileType = sourcecode.c.h; path = TimePicker.h; sourceTree = "<group>"; };
		182EF413195626FF00CDA2D4 /* TimePicker.m */ = {isa = PBXFileReference; fileEncoding = 4; lastKnownFileType = sourcecode.c.objc; path = TimePicker.m; sourceTree = "<group>"; };
		1846A16B196221C6008C6A00 /* InvitationView.h */ = {isa = PBXFileReference; fileEncoding = 4; lastKnownFileType = sourcecode.c.h; path = InvitationView.h; sourceTree = "<group>"; };
		1846A16C196221C6008C6A00 /* InvitationView.m */ = {isa = PBXFileReference; fileEncoding = 4; lastKnownFileType = sourcecode.c.objc; path = InvitationView.m; sourceTree = "<group>"; };
		185CEC3D19DB6B2900A9EF65 /* AssetsLibrary.framework */ = {isa = PBXFileReference; lastKnownFileType = wrapper.framework; name = AssetsLibrary.framework; path = System/Library/Frameworks/AssetsLibrary.framework; sourceTree = SDKROOT; };
		185D6FF1196606C300A2B1B8 /* Crashlytics.framework */ = {isa = PBXFileReference; lastKnownFileType = wrapper.framework; path = Crashlytics.framework; sourceTree = "<group>"; };
		1860573519451001002DD149 /* SafeSlinger.app */ = {isa = PBXFileReference; explicitFileType = wrapper.application; includeInIndex = 0; path = SafeSlinger.app; sourceTree = BUILT_PRODUCTS_DIR; };
		1860573819451001002DD149 /* Foundation.framework */ = {isa = PBXFileReference; lastKnownFileType = wrapper.framework; name = Foundation.framework; path = System/Library/Frameworks/Foundation.framework; sourceTree = SDKROOT; };
		1860573A19451001002DD149 /* CoreGraphics.framework */ = {isa = PBXFileReference; lastKnownFileType = wrapper.framework; name = CoreGraphics.framework; path = System/Library/Frameworks/CoreGraphics.framework; sourceTree = SDKROOT; };
		1860573C19451001002DD149 /* UIKit.framework */ = {isa = PBXFileReference; lastKnownFileType = wrapper.framework; name = UIKit.framework; path = System/Library/Frameworks/UIKit.framework; sourceTree = SDKROOT; };
		1860574019451001002DD149 /* safeslingermessager-Info.plist */ = {isa = PBXFileReference; lastKnownFileType = text.plist.xml; path = "safeslingermessager-Info.plist"; sourceTree = "<group>"; };
		1860574419451001002DD149 /* main.m */ = {isa = PBXFileReference; lastKnownFileType = sourcecode.c.objc; path = main.m; sourceTree = "<group>"; };
		1860574619451001002DD149 /* safeslingermessager-Prefix.pch */ = {isa = PBXFileReference; lastKnownFileType = sourcecode.c.h; path = "safeslingermessager-Prefix.pch"; sourceTree = "<group>"; };
		1860574719451001002DD149 /* AppDelegate.h */ = {isa = PBXFileReference; lastKnownFileType = sourcecode.c.h; path = AppDelegate.h; sourceTree = "<group>"; };
		1860574819451001002DD149 /* AppDelegate.m */ = {isa = PBXFileReference; lastKnownFileType = sourcecode.c.objc; path = AppDelegate.m; sourceTree = "<group>"; };
		1860575319451001002DD149 /* Images.xcassets */ = {isa = PBXFileReference; lastKnownFileType = folder.assetcatalog; path = Images.xcassets; sourceTree = "<group>"; };
		186057751945174B002DD149 /* IntroduceView.h */ = {isa = PBXFileReference; fileEncoding = 4; lastKnownFileType = sourcecode.c.h; path = IntroduceView.h; sourceTree = "<group>"; };
		186057761945174B002DD149 /* IntroduceView.m */ = {isa = PBXFileReference; fileEncoding = 4; lastKnownFileType = sourcecode.c.objc; path = IntroduceView.m; sourceTree = "<group>"; };
		1860577B194518F2002DD149 /* SlingkeyView.h */ = {isa = PBXFileReference; fileEncoding = 4; lastKnownFileType = sourcecode.c.h; path = SlingkeyView.h; sourceTree = "<group>"; };
		1860577C194518F2002DD149 /* SlingkeyView.m */ = {isa = PBXFileReference; fileEncoding = 4; lastKnownFileType = sourcecode.c.objc; path = SlingkeyView.m; sourceTree = "<group>"; };
		1860578F194534BB002DD149 /* SetupView.h */ = {isa = PBXFileReference; fileEncoding = 4; lastKnownFileType = sourcecode.c.h; path = SetupView.h; sourceTree = "<group>"; };
		18605790194534BB002DD149 /* SetupView.m */ = {isa = PBXFileReference; fileEncoding = 4; lastKnownFileType = sourcecode.c.objc; path = SetupView.m; sourceTree = "<group>"; };
		1869D6561948A50400B186D3 /* safeslinger-20120828.db */ = {isa = PBXFileReference; lastKnownFileType = file; path = "safeslinger-20120828.db"; sourceTree = "<group>"; };
		1869D65E1948CAEF00B186D3 /* ContactManageView.h */ = {isa = PBXFileReference; fileEncoding = 4; lastKnownFileType = sourcecode.c.h; path = ContactManageView.h; sourceTree = "<group>"; };
		1869D65F1948CAEF00B186D3 /* ContactManageView.m */ = {isa = PBXFileReference; fileEncoding = 4; lastKnownFileType = sourcecode.c.objc; path = ContactManageView.m; sourceTree = "<group>"; };
		188EF46C194F90FA0022E6C3 /* ConfigView.h */ = {isa = PBXFileReference; fileEncoding = 4; lastKnownFileType = sourcecode.c.h; path = ConfigView.h; sourceTree = "<group>"; };
		188EF46D194F90FA0022E6C3 /* ConfigView.m */ = {isa = PBXFileReference; fileEncoding = 4; lastKnownFileType = sourcecode.c.objc; path = ConfigView.m; sourceTree = "<group>"; };
		188EF46F194F911C0022E6C3 /* AboutView.h */ = {isa = PBXFileReference; fileEncoding = 4; lastKnownFileType = sourcecode.c.h; path = AboutView.h; sourceTree = "<group>"; };
		188EF470194F911C0022E6C3 /* AboutView.m */ = {isa = PBXFileReference; fileEncoding = 4; lastKnownFileType = sourcecode.c.objc; path = AboutView.m; sourceTree = "<group>"; };
		188EF472194F91290022E6C3 /* KeySelectionView.h */ = {isa = PBXFileReference; fileEncoding = 4; lastKnownFileType = sourcecode.c.h; path = KeySelectionView.h; sourceTree = "<group>"; };
		188EF473194F91290022E6C3 /* KeySelectionView.m */ = {isa = PBXFileReference; fileEncoding = 4; lastKnownFileType = sourcecode.c.objc; path = KeySelectionView.m; sourceTree = "<group>"; };
		18B08428197EF05C00D9805A /* help.html */ = {isa = PBXFileReference; fileEncoding = 4; lastKnownFileType = text.html; path = help.html; sourceTree = "<group>"; };
		18B0842A197EF14F00D9805A /* HelpAssist.h */ = {isa = PBXFileReference; fileEncoding = 4; lastKnownFileType = sourcecode.c.h; path = HelpAssist.h; sourceTree = "<group>"; };
		18B0842B197EF14F00D9805A /* HelpAssist.m */ = {isa = PBXFileReference; fileEncoding = 4; lastKnownFileType = sourcecode.c.objc; path = HelpAssist.m; sourceTree = "<group>"; };
		18D6C19D19460DC9000909F4 /* Main.storyboard */ = {isa = PBXFileReference; fileEncoding = 4; lastKnownFileType = file.storyboard; path = Main.storyboard; sourceTree = "<group>"; };
		18D6C1F31946107D000909F4 /* SSEngine.m */ = {isa = PBXFileReference; fileEncoding = 4; lastKnownFileType = sourcecode.c.objc; path = SSEngine.m; sourceTree = "<group>"; };
		18D6C1F41946107D000909F4 /* SSEngine.h */ = {isa = PBXFileReference; fileEncoding = 4; lastKnownFileType = sourcecode.c.h; path = SSEngine.h; sourceTree = "<group>"; };
		18D6C1F7194610C6000909F4 /* safeslingerexchange.xcodeproj */ = {isa = PBXFileReference; lastKnownFileType = "wrapper.pb-project"; name = safeslingerexchange.xcodeproj; path = ../safeslingerexchange/safeslingerexchange.xcodeproj; sourceTree = "<group>"; };
		18D6C20319461268000909F4 /* BackupCloud.m */ = {isa = PBXFileReference; fileEncoding = 4; lastKnownFileType = sourcecode.c.objc; path = BackupCloud.m; sourceTree = "<group>"; };
		18D6C20419461268000909F4 /* BackupCloud.h */ = {isa = PBXFileReference; fileEncoding = 4; lastKnownFileType = sourcecode.c.h; path = BackupCloud.h; sourceTree = "<group>"; };
		18D6C2061946136E000909F4 /* ErrorLogger.m */ = {isa = PBXFileReference; fileEncoding = 4; lastKnownFileType = sourcecode.c.objc; path = ErrorLogger.m; sourceTree = "<group>"; };
		18D6C2071946136E000909F4 /* ErrorLogger.h */ = {isa = PBXFileReference; fileEncoding = 4; lastKnownFileType = sourcecode.c.h; path = ErrorLogger.h; sourceTree = "<group>"; };
		18D6C2091946139F000909F4 /* SafeSlingerDB.m */ = {isa = PBXFileReference; fileEncoding = 4; lastKnownFileType = sourcecode.c.objc; path = SafeSlingerDB.m; sourceTree = "<group>"; };
		18D6C20A1946139F000909F4 /* SafeSlingerDB.h */ = {isa = PBXFileReference; fileEncoding = 4; lastKnownFileType = sourcecode.c.h; path = SafeSlingerDB.h; sourceTree = "<group>"; };
		18D6C20C1946141F000909F4 /* Utility.m */ = {isa = PBXFileReference; fileEncoding = 4; lastKnownFileType = sourcecode.c.objc; path = Utility.m; sourceTree = "<group>"; };
		18D6C20D1946141F000909F4 /* Utility.h */ = {isa = PBXFileReference; fileEncoding = 4; lastKnownFileType = sourcecode.c.h; path = Utility.h; sourceTree = "<group>"; };
		18D6C21319461E71000909F4 /* VCardParser.m */ = {isa = PBXFileReference; fileEncoding = 4; lastKnownFileType = sourcecode.c.objc; path = VCardParser.m; sourceTree = "<group>"; };
		18D6C21419461E71000909F4 /* VCardParser.h */ = {isa = PBXFileReference; fileEncoding = 4; lastKnownFileType = sourcecode.c.h; path = VCardParser.h; sourceTree = "<group>"; };
		18D6C21819461FD3000909F4 /* Config.h */ = {isa = PBXFileReference; fileEncoding = 4; lastKnownFileType = sourcecode.c.h; path = Config.h; sourceTree = "<group>"; };
		18D6C21F1946267B000909F4 /* AddressBook.framework */ = {isa = PBXFileReference; lastKnownFileType = wrapper.framework; name = AddressBook.framework; path = System/Library/Frameworks/AddressBook.framework; sourceTree = SDKROOT; };
		18D6C22119462685000909F4 /* AddressBookUI.framework */ = {isa = PBXFileReference; lastKnownFileType = wrapper.framework; name = AddressBookUI.framework; path = System/Library/Frameworks/AddressBookUI.framework; sourceTree = SDKROOT; };
		18D6C23019462D59000909F4 /* CFNetwork.framework */ = {isa = PBXFileReference; lastKnownFileType = wrapper.framework; name = CFNetwork.framework; path = System/Library/Frameworks/CFNetwork.framework; sourceTree = SDKROOT; };
		18D6C23219462D71000909F4 /* MobileCoreServices.framework */ = {isa = PBXFileReference; lastKnownFileType = wrapper.framework; name = MobileCoreServices.framework; path = System/Library/Frameworks/MobileCoreServices.framework; sourceTree = SDKROOT; };
		18D6C23419462D83000909F4 /* Security.framework */ = {isa = PBXFileReference; lastKnownFileType = wrapper.framework; name = Security.framework; path = System/Library/Frameworks/Security.framework; sourceTree = SDKROOT; };
		18D6C23619462D92000909F4 /* SystemConfiguration.framework */ = {isa = PBXFileReference; lastKnownFileType = wrapper.framework; name = SystemConfiguration.framework; path = System/Library/Frameworks/SystemConfiguration.framework; sourceTree = SDKROOT; };
		18D6C23A19462DB5000909F4 /* CoreTelephony.framework */ = {isa = PBXFileReference; lastKnownFileType = wrapper.framework; name = CoreTelephony.framework; path = System/Library/Frameworks/CoreTelephony.framework; sourceTree = SDKROOT; };
		18D6C23C19462DD6000909F4 /* MessageUI.framework */ = {isa = PBXFileReference; lastKnownFileType = wrapper.framework; name = MessageUI.framework; path = System/Library/Frameworks/MessageUI.framework; sourceTree = SDKROOT; };
		18D6C23E19462E09000909F4 /* CoreLocation.framework */ = {isa = PBXFileReference; lastKnownFileType = wrapper.framework; name = CoreLocation.framework; path = System/Library/Frameworks/CoreLocation.framework; sourceTree = SDKROOT; };
		18D6C24019462E19000909F4 /* AudioToolbox.framework */ = {isa = PBXFileReference; lastKnownFileType = wrapper.framework; name = AudioToolbox.framework; path = System/Library/Frameworks/AudioToolbox.framework; sourceTree = SDKROOT; };
		18D6C24219462E37000909F4 /* MapKit.framework */ = {isa = PBXFileReference; lastKnownFileType = wrapper.framework; name = MapKit.framework; path = System/Library/Frameworks/MapKit.framework; sourceTree = SDKROOT; };
		18D6C24719462F41000909F4 /* CoreData.framework */ = {isa = PBXFileReference; lastKnownFileType = wrapper.framework; name = CoreData.framework; path = System/Library/Frameworks/CoreData.framework; sourceTree = SDKROOT; };
		18D6C24E19463D25000909F4 /* Passphase.m */ = {isa = PBXFileReference; fileEncoding = 4; lastKnownFileType = sourcecode.c.objc; path = Passphase.m; sourceTree = "<group>"; };
		18D6C24F19463D25000909F4 /* Passphase.h */ = {isa = PBXFileReference; fileEncoding = 4; lastKnownFileType = sourcecode.c.h; path = Passphase.h; sourceTree = "<group>"; };
		18D6C25319463EF7000909F4 /* logo.jpg */ = {isa = PBXFileReference; lastKnownFileType = image.jpeg; name = logo.jpg; path = images/logo.jpg; sourceTree = "<group>"; };
		18D6C2581946418C000909F4 /* MainController.h */ = {isa = PBXFileReference; fileEncoding = 4; lastKnownFileType = sourcecode.c.h; path = MainController.h; sourceTree = "<group>"; };
		18D6C2591946418C000909F4 /* MainController.m */ = {isa = PBXFileReference; fileEncoding = 4; lastKnownFileType = sourcecode.c.objc; path = MainController.m; sourceTree = "<group>"; };
		18DE29721A75BEB0008CC41E /* RegistrationHandler.h */ = {isa = PBXFileReference; fileEncoding = 4; lastKnownFileType = sourcecode.c.h; path = RegistrationHandler.h; sourceTree = "<group>"; };
		18DE29731A75BEB0008CC41E /* RegistrationHandler.m */ = {isa = PBXFileReference; fileEncoding = 4; lastKnownFileType = sourcecode.c.objc; path = RegistrationHandler.m; sourceTree = "<group>"; };
		18DE70FB194BA0F100C43F84 /* SafeSlinger.entitlements */ = {isa = PBXFileReference; lastKnownFileType = text.xml; path = SafeSlinger.entitlements; sourceTree = "<group>"; };
		18DE70FC194BA38400C43F84 /* ContactSelectView.h */ = {isa = PBXFileReference; fileEncoding = 4; lastKnownFileType = sourcecode.c.h; path = ContactSelectView.h; sourceTree = "<group>"; };
		18DE70FD194BA38400C43F84 /* ContactSelectView.m */ = {isa = PBXFileReference; fileEncoding = 4; lastKnownFileType = sourcecode.c.objc; path = ContactSelectView.m; sourceTree = "<group>"; };
		18DE7100194BA54C00C43F84 /* ContactCellView.h */ = {isa = PBXFileReference; fileEncoding = 4; lastKnownFileType = sourcecode.c.h; path = ContactCellView.h; sourceTree = "<group>"; };
		18DE7101194BA54C00C43F84 /* ContactCellView.m */ = {isa = PBXFileReference; fileEncoding = 4; lastKnownFileType = sourcecode.c.objc; path = ContactCellView.m; sourceTree = "<group>"; };
		18F9083E1982EFC0004B540B /* help2.PNG */ = {isa = PBXFileReference; lastKnownFileType = image.png; path = help2.PNG; sourceTree = "<group>"; };
		18F9083F1982EFC0004B540B /* help1.PNG */ = {isa = PBXFileReference; lastKnownFileType = image.png; path = help1.PNG; sourceTree = "<group>"; };
		18F908421982F736004B540B /* help4.PNG */ = {isa = PBXFileReference; lastKnownFileType = image.png; path = help4.PNG; sourceTree = "<group>"; };
		18F908431982F736004B540B /* help3.PNG */ = {isa = PBXFileReference; lastKnownFileType = image.png; path = help3.PNG; sourceTree = "<group>"; };
		18FBD6C9194A0407006CA09C /* ar */ = {isa = PBXFileReference; lastKnownFileType = text.plist.strings; name = ar; path = ar.lproj/Localizable.strings; sourceTree = "<group>"; };
		18FBD6CC194A0407006CA09C /* bg */ = {isa = PBXFileReference; lastKnownFileType = text.plist.strings; name = bg; path = bg.lproj/Localizable.strings; sourceTree = "<group>"; };
		18FBD6CD194A0407006CA09C /* bn */ = {isa = PBXFileReference; lastKnownFileType = text.plist.strings; name = bn; path = bn.lproj/Localizable.strings; sourceTree = "<group>"; };
		18FBD6CF194A0407006CA09C /* ca */ = {isa = PBXFileReference; lastKnownFileType = text.plist.strings; name = ca; path = ca.lproj/Localizable.strings; sourceTree = "<group>"; };
		18FBD6D1194A0407006CA09C /* cs */ = {isa = PBXFileReference; lastKnownFileType = text.plist.strings; name = cs; path = cs.lproj/Localizable.strings; sourceTree = "<group>"; };
		18FBD6D3194A0407006CA09C /* da */ = {isa = PBXFileReference; lastKnownFileType = text.plist.strings; name = da; path = da.lproj/Localizable.strings; sourceTree = "<group>"; };
		18FBD6D4194A0407006CA09C /* de */ = {isa = PBXFileReference; lastKnownFileType = text.plist.strings; name = de; path = de.lproj/Localizable.strings; sourceTree = "<group>"; };
		18FBD6D5194A0407006CA09C /* el */ = {isa = PBXFileReference; lastKnownFileType = text.plist.strings; name = el; path = el.lproj/Localizable.strings; sourceTree = "<group>"; };
		18FBD6D6194A0407006CA09C /* en */ = {isa = PBXFileReference; lastKnownFileType = text.plist.strings; name = en; path = en.lproj/Localizable.strings; sourceTree = "<group>"; };
		18FBD6D8194A0407006CA09C /* es */ = {isa = PBXFileReference; lastKnownFileType = text.plist.strings; name = es; path = es.lproj/Localizable.strings; sourceTree = "<group>"; };
		18FBD6DC194A0407006CA09C /* fi */ = {isa = PBXFileReference; lastKnownFileType = text.plist.strings; name = fi; path = fi.lproj/Localizable.strings; sourceTree = "<group>"; };
		18FBD6DD194A0407006CA09C /* fr */ = {isa = PBXFileReference; lastKnownFileType = text.plist.strings; name = fr; path = fr.lproj/Localizable.strings; sourceTree = "<group>"; };
		18FBD6E2194A0407006CA09C /* he */ = {isa = PBXFileReference; lastKnownFileType = text.plist.strings; name = he; path = he.lproj/Localizable.strings; sourceTree = "<group>"; };
		18FBD6E3194A0407006CA09C /* hi */ = {isa = PBXFileReference; lastKnownFileType = text.plist.strings; name = hi; path = hi.lproj/Localizable.strings; sourceTree = "<group>"; };
		18FBD6E7194A0407006CA09C /* hu */ = {isa = PBXFileReference; lastKnownFileType = text.plist.strings; name = hu; path = hu.lproj/Localizable.strings; sourceTree = "<group>"; };
		18FBD6E9194A0407006CA09C /* id */ = {isa = PBXFileReference; lastKnownFileType = text.plist.strings; name = id; path = id.lproj/Localizable.strings; sourceTree = "<group>"; };
		18FBD6EC194A0407006CA09C /* it */ = {isa = PBXFileReference; lastKnownFileType = text.plist.strings; name = it; path = it.lproj/Localizable.strings; sourceTree = "<group>"; };
		18FBD6ED194A0407006CA09C /* ja */ = {isa = PBXFileReference; lastKnownFileType = text.plist.strings; name = ja; path = ja.lproj/Localizable.strings; sourceTree = "<group>"; };
		18FBD6EE194A0407006CA09C /* jv */ = {isa = PBXFileReference; lastKnownFileType = text.plist.strings; name = jv; path = jv.lproj/Localizable.strings; sourceTree = "<group>"; };
		18FBD6F2194A0407006CA09C /* ko */ = {isa = PBXFileReference; lastKnownFileType = text.plist.strings; name = ko; path = ko.lproj/Localizable.strings; sourceTree = "<group>"; };
		18FBD6FE194A0407006CA09C /* nl */ = {isa = PBXFileReference; lastKnownFileType = text.plist.strings; name = nl; path = nl.lproj/Localizable.strings; sourceTree = "<group>"; };
		18FBD6FF194A0407006CA09C /* no */ = {isa = PBXFileReference; lastKnownFileType = text.plist.strings; name = no; path = no.lproj/Localizable.strings; sourceTree = "<group>"; };
		18FBD700194A0407006CA09C /* pa */ = {isa = PBXFileReference; lastKnownFileType = text.plist.strings; name = pa; path = pa.lproj/Localizable.strings; sourceTree = "<group>"; };
		18FBD701194A0407006CA09C /* pl */ = {isa = PBXFileReference; lastKnownFileType = text.plist.strings; name = pl; path = pl.lproj/Localizable.strings; sourceTree = "<group>"; };
		18FBD702194A0407006CA09C /* pt */ = {isa = PBXFileReference; lastKnownFileType = text.plist.strings; name = pt; path = pt.lproj/Localizable.strings; sourceTree = "<group>"; };
		18FBD703194A0407006CA09C /* ro */ = {isa = PBXFileReference; lastKnownFileType = text.plist.strings; name = ro; path = ro.lproj/Localizable.strings; sourceTree = "<group>"; };
		18FBD704194A0407006CA09C /* ru */ = {isa = PBXFileReference; lastKnownFileType = text.plist.strings; name = ru; path = ru.lproj/Localizable.strings; sourceTree = "<group>"; };
		18FBD705194A0407006CA09C /* sk */ = {isa = PBXFileReference; lastKnownFileType = text.plist.strings; name = sk; path = sk.lproj/Localizable.strings; sourceTree = "<group>"; };
		18FBD709194A0407006CA09C /* sr */ = {isa = PBXFileReference; lastKnownFileType = text.plist.strings; name = sr; path = sr.lproj/Localizable.strings; sourceTree = "<group>"; };
		18FBD70A194A0407006CA09C /* sv */ = {isa = PBXFileReference; lastKnownFileType = text.plist.strings; name = sv; path = sv.lproj/Localizable.strings; sourceTree = "<group>"; };
		18FBD710194A0407006CA09C /* tr */ = {isa = PBXFileReference; lastKnownFileType = text.plist.strings; name = tr; path = tr.lproj/Localizable.strings; sourceTree = "<group>"; };
		18FBD712194A0407006CA09C /* ur */ = {isa = PBXFileReference; lastKnownFileType = text.plist.strings; name = ur; path = ur.lproj/Localizable.strings; sourceTree = "<group>"; };
		18FBD713194A0407006CA09C /* vi */ = {isa = PBXFileReference; lastKnownFileType = text.plist.strings; name = vi; path = vi.lproj/Localizable.strings; sourceTree = "<group>"; };
		18FBD716194A0407006CA09C /* zh-Hans */ = {isa = PBXFileReference; lastKnownFileType = text.plist.strings; name = "zh-Hans"; path = "zh-Hans.lproj/Localizable.strings"; sourceTree = "<group>"; };
		18FBD717194A0407006CA09C /* zh-Hant */ = {isa = PBXFileReference; lastKnownFileType = text.plist.strings; name = "zh-Hant"; path = "zh-Hant.lproj/Localizable.strings"; sourceTree = "<group>"; };
		18FBD71A194A088E006CA09C /* AudioRecordView.h */ = {isa = PBXFileReference; fileEncoding = 4; lastKnownFileType = sourcecode.c.h; path = AudioRecordView.h; sourceTree = "<group>"; };
		18FBD71B194A088E006CA09C /* AudioRecordView.m */ = {isa = PBXFileReference; fileEncoding = 4; lastKnownFileType = sourcecode.c.objc; path = AudioRecordView.m; sourceTree = "<group>"; };
		18FBD71E194A0EED006CA09C /* MessageView.h */ = {isa = PBXFileReference; fileEncoding = 4; lastKnownFileType = sourcecode.c.h; path = MessageView.h; sourceTree = "<group>"; };
		18FBD71F194A0EED006CA09C /* MessageView.m */ = {isa = PBXFileReference; fileEncoding = 4; lastKnownFileType = sourcecode.c.objc; path = MessageView.m; sourceTree = "<group>"; };
		18FBD721194A2243006CA09C /* FunctionView.h */ = {isa = PBXFileReference; fileEncoding = 4; lastKnownFileType = sourcecode.c.h; path = FunctionView.h; sourceTree = "<group>"; };
		18FBD722194A2243006CA09C /* FunctionView.m */ = {isa = PBXFileReference; fileEncoding = 4; lastKnownFileType = sourcecode.c.objc; path = FunctionView.m; sourceTree = "<group>"; };
		18FBD725194A4478006CA09C /* EndExchangeView.h */ = {isa = PBXFileReference; fileEncoding = 4; lastKnownFileType = sourcecode.c.h; path = EndExchangeView.h; sourceTree = "<group>"; };
		18FBD726194A4478006CA09C /* EndExchangeView.m */ = {isa = PBXFileReference; fileEncoding = 4; lastKnownFileType = sourcecode.c.objc; path = EndExchangeView.m; sourceTree = "<group>"; };
		414C9E321A72EAD700E03916 /* MessageSender.h */ = {isa = PBXFileReference; fileEncoding = 4; lastKnownFileType = sourcecode.c.h; path = MessageSender.h; sourceTree = "<group>"; };
		414C9E331A72EAD700E03916 /* MessageSender.m */ = {isa = PBXFileReference; fileEncoding = 4; lastKnownFileType = sourcecode.c.objc; path = MessageSender.m; sourceTree = "<group>"; };
		41AE90701A0ADDAC009E08C4 /* ContactEntry.h */ = {isa = PBXFileReference; fileEncoding = 4; lastKnownFileType = sourcecode.c.h; path = ContactEntry.h; sourceTree = "<group>"; };
		41AE90711A0ADDAC009E08C4 /* ContactEntry.m */ = {isa = PBXFileReference; fileEncoding = 4; lastKnownFileType = sourcecode.c.objc; path = ContactEntry.m; sourceTree = "<group>"; };
		41FF4BB61B0E8E1B00EE9C50 /* MessageDecryptor.h */ = {isa = PBXFileReference; fileEncoding = 4; lastKnownFileType = sourcecode.c.h; path = MessageDecryptor.h; sourceTree = "<group>"; };
		41FF4BB71B0E8E1B00EE9C50 /* MessageDecryptor.m */ = {isa = PBXFileReference; fileEncoding = 4; lastKnownFileType = sourcecode.c.objc; path = MessageDecryptor.m; sourceTree = "<group>"; };
/* End PBXFileReference section */

/* Begin PBXFrameworksBuildPhase section */
		1860573219451001002DD149 /* Frameworks */ = {
			isa = PBXFrameworksBuildPhase;
			buildActionMask = 2147483647;
			files = (
				02CC9D7E1BCB240A001D1659 /* libsqlite3.tbd in Frameworks */,
				02CC9D7C1BCB2400001D1659 /* libz.tbd in Frameworks */,
				185CEC3E19DB6B2900A9EF65 /* AssetsLibrary.framework in Frameworks */,
				18D6C25E19464CEE000909F4 /* AddressBook.framework in Frameworks */,
				18D6C24819462F41000909F4 /* CoreData.framework in Frameworks */,
				18D6C21B19462622000909F4 /* libsafeslingerexchange.a in Frameworks */,
				18D6C24619462ED2000909F4 /* MessageUI.framework in Frameworks */,
				18D6C24119462E19000909F4 /* AudioToolbox.framework in Frameworks */,
				18D6C23519462D83000909F4 /* Security.framework in Frameworks */,
				18D6C23119462D59000909F4 /* CFNetwork.framework in Frameworks */,
				1860573919451001002DD149 /* Foundation.framework in Frameworks */,
			);
			runOnlyForDeploymentPostprocessing = 0;
		};
/* End PBXFrameworksBuildPhase section */

/* Begin PBXGroup section */
		180D25C3195A6AA2002C34DC /* tutorial */ = {
			isa = PBXGroup;
			children = (
				180D25C4195A6AA2002C34DC /* step1.PNG */,
				180D25C5195A6AA2002C34DC /* step2.PNG */,
				180D25C6195A6AA2002C34DC /* step3.PNG */,
				180D25C7195A6AA2002C34DC /* step4.PNG */,
				180D25C8195A6AA2002C34DC /* step5.PNG */,
				180D25C9195A6AA2002C34DC /* tutorial.html */,
			);
			name = tutorial;
			path = images/tutorial;
			sourceTree = "<group>";
		};
		182E22131950B99B00F5997A /* Setup */ = {
			isa = PBXGroup;
			children = (
				1860578F194534BB002DD149 /* SetupView.h */,
				18605790194534BB002DD149 /* SetupView.m */,
			);
			name = Setup;
			sourceTree = "<group>";
		};
		182E22141950B9B000F5997A /* Messaging */ = {
			isa = PBXGroup;
			children = (
				18FBD71E194A0EED006CA09C /* MessageView.h */,
				18FBD71F194A0EED006CA09C /* MessageView.m */,
				182E220F1950B5E700F5997A /* MessageDetailView.h */,
				182E22101950B5E700F5997A /* MessageDetailView.m */,
				182E220C1950AC5900F5997A /* MessageReceiver.h */,
				182E220D1950AC5900F5997A /* MessageReceiver.m */,
				18FBD71A194A088E006CA09C /* AudioRecordView.h */,
				18FBD71B194A088E006CA09C /* AudioRecordView.m */,
				414C9E321A72EAD700E03916 /* MessageSender.h */,
				414C9E331A72EAD700E03916 /* MessageSender.m */,
				41FF4BB61B0E8E1B00EE9C50 /* MessageDecryptor.h */,
				41FF4BB71B0E8E1B00EE9C50 /* MessageDecryptor.m */,
			);
			name = Messaging;
			sourceTree = "<group>";
		};
		182E22151950B9CD00F5997A /* Exchange */ = {
			isa = PBXGroup;
			children = (
				180D25C0195A6A85002C34DC /* ExchangeAssist.h */,
				180D25C1195A6A85002C34DC /* ExchangeAssist.m */,
				18B0842A197EF14F00D9805A /* HelpAssist.h */,
				18B0842B197EF14F00D9805A /* HelpAssist.m */,
				1860577B194518F2002DD149 /* SlingkeyView.h */,
				1860577C194518F2002DD149 /* SlingkeyView.m */,
				18FBD725194A4478006CA09C /* EndExchangeView.h */,
				18FBD726194A4478006CA09C /* EndExchangeView.m */,
			);
			name = Exchange;
			sourceTree = "<group>";
		};
		182E22161950B9DB00F5997A /* SecureIntroduction */ = {
			isa = PBXGroup;
			children = (
				186057751945174B002DD149 /* IntroduceView.h */,
				186057761945174B002DD149 /* IntroduceView.m */,
				1846A16B196221C6008C6A00 /* InvitationView.h */,
				1846A16C196221C6008C6A00 /* InvitationView.m */,
			);
			name = SecureIntroduction;
			sourceTree = "<group>";
		};
		182E22171950BA1100F5997A /* Configuration */ = {
			isa = PBXGroup;
			children = (
				188EF46C194F90FA0022E6C3 /* ConfigView.h */,
				188EF46D194F90FA0022E6C3 /* ConfigView.m */,
				182EF412195626FF00CDA2D4 /* TimePicker.h */,
				182EF413195626FF00CDA2D4 /* TimePicker.m */,
				180D25D2195A6AD9002C34DC /* UpdatePassphrase.h */,
				180D25D3195A6AD9002C34DC /* UpdatePassphrase.m */,
				188EF46F194F911C0022E6C3 /* AboutView.h */,
				188EF470194F911C0022E6C3 /* AboutView.m */,
			);
			name = Configuration;
			sourceTree = "<group>";
		};
		182E22181950BA5900F5997A /* ContactManagement */ = {
			isa = PBXGroup;
			children = (
				1869D65E1948CAEF00B186D3 /* ContactManageView.h */,
				1869D65F1948CAEF00B186D3 /* ContactManageView.m */,
				18DE70FC194BA38400C43F84 /* ContactSelectView.h */,
				18DE70FD194BA38400C43F84 /* ContactSelectView.m */,
				18DE7100194BA54C00C43F84 /* ContactCellView.h */,
				18DE7101194BA54C00C43F84 /* ContactCellView.m */,
				188EF472194F91290022E6C3 /* KeySelectionView.h */,
				188EF473194F91290022E6C3 /* KeySelectionView.m */,
				41AE90701A0ADDAC009E08C4 /* ContactEntry.h */,
				41AE90711A0ADDAC009E08C4 /* ContactEntry.m */,
			);
			name = ContactManagement;
			sourceTree = "<group>";
		};
		1860572C19451000002DD149 = {
			isa = PBXGroup;
			children = (
				18FBD6C7194A0407006CA09C /* localizations */,
				18D6C1F7194610C6000909F4 /* safeslingerexchange.xcodeproj */,
				1860573E19451001002DD149 /* safeslingermessager */,
				1860573719451001002DD149 /* Frameworks */,
				1860573619451001002DD149 /* Products */,
			);
			sourceTree = "<group>";
		};
		1860573619451001002DD149 /* Products */ = {
			isa = PBXGroup;
			children = (
				1860573519451001002DD149 /* SafeSlinger.app */,
			);
			name = Products;
			sourceTree = "<group>";
		};
		1860573719451001002DD149 /* Frameworks */ = {
			isa = PBXGroup;
			children = (
				02CC9D7D1BCB240A001D1659 /* libsqlite3.tbd */,
				02CC9D7B1BCB2400001D1659 /* libz.tbd */,
				185CEC3D19DB6B2900A9EF65 /* AssetsLibrary.framework */,
				185D6FF1196606C300A2B1B8 /* Crashlytics.framework */,
				18D6C24719462F41000909F4 /* CoreData.framework */,
				18D6C24219462E37000909F4 /* MapKit.framework */,
				18D6C24019462E19000909F4 /* AudioToolbox.framework */,
				18D6C23E19462E09000909F4 /* CoreLocation.framework */,
				18D6C23C19462DD6000909F4 /* MessageUI.framework */,
				18D6C23A19462DB5000909F4 /* CoreTelephony.framework */,
				18D6C23619462D92000909F4 /* SystemConfiguration.framework */,
				18D6C23419462D83000909F4 /* Security.framework */,
				18D6C23219462D71000909F4 /* MobileCoreServices.framework */,
				18D6C23019462D59000909F4 /* CFNetwork.framework */,
				18D6C22119462685000909F4 /* AddressBookUI.framework */,
				18D6C21F1946267B000909F4 /* AddressBook.framework */,
				1860573819451001002DD149 /* Foundation.framework */,
				1860573A19451001002DD149 /* CoreGraphics.framework */,
				1860573C19451001002DD149 /* UIKit.framework */,
			);
			name = Frameworks;
			sourceTree = "<group>";
		};
		1860573E19451001002DD149 /* safeslingermessager */ = {
			isa = PBXGroup;
			children = (
				18D6C1F219461027000909F4 /* Utility */,
				182E22181950BA5900F5997A /* ContactManagement */,
				182E22171950BA1100F5997A /* Configuration */,
				182E22161950B9DB00F5997A /* SecureIntroduction */,
				182E22151950B9CD00F5997A /* Exchange */,
				182E22141950B9B000F5997A /* Messaging */,
				182E22131950B99B00F5997A /* Setup */,
				18DE70FB194BA0F100C43F84 /* SafeSlinger.entitlements */,
				18D6C2581946418C000909F4 /* MainController.h */,
				18D6C2591946418C000909F4 /* MainController.m */,
				18D6C24F19463D25000909F4 /* Passphase.h */,
				18D6C24E19463D25000909F4 /* Passphase.m */,
				18D6C21819461FD3000909F4 /* Config.h */,
				18D6C19D19460DC9000909F4 /* Main.storyboard */,
				1860574719451001002DD149 /* AppDelegate.h */,
				1860574819451001002DD149 /* AppDelegate.m */,
				18FBD721194A2243006CA09C /* FunctionView.h */,
				18FBD722194A2243006CA09C /* FunctionView.m */,
				1860575319451001002DD149 /* Images.xcassets */,
				1860573F19451001002DD149 /* Supporting Files */,
			);
			path = safeslingermessager;
			sourceTree = "<group>";
		};
		1860573F19451001002DD149 /* Supporting Files */ = {
			isa = PBXGroup;
			children = (
				180D25D0195A6AAD002C34DC /* universal.db */,
				1869D6561948A50400B186D3 /* safeslinger-20120828.db */,
				186057811945197D002DD149 /* Images */,
				1860574019451001002DD149 /* safeslingermessager-Info.plist */,
				1860574419451001002DD149 /* main.m */,
				1860574619451001002DD149 /* safeslingermessager-Prefix.pch */,
			);
			name = "Supporting Files";
			sourceTree = "<group>";
		};
		186057811945197D002DD149 /* Images */ = {
			isa = PBXGroup;
			children = (
				18B08427197EF05C00D9805A /* help */,
				180D25C3195A6AA2002C34DC /* tutorial */,
				18D6C25319463EF7000909F4 /* logo.jpg */,
			);
			name = Images;
			sourceTree = "<group>";
		};
		18B08427197EF05C00D9805A /* help */ = {
			isa = PBXGroup;
			children = (
				18F908421982F736004B540B /* help4.PNG */,
				18F908431982F736004B540B /* help3.PNG */,
				18F9083E1982EFC0004B540B /* help2.PNG */,
				18F9083F1982EFC0004B540B /* help1.PNG */,
				18B08428197EF05C00D9805A /* help.html */,
			);
			name = help;
			path = images/help;
			sourceTree = "<group>";
		};
		18D6C1F219461027000909F4 /* Utility */ = {
			isa = PBXGroup;
			children = (
				180D25D5195A6AE6002C34DC /* IdleHandler.h */,
				180D25D6195A6AE6002C34DC /* IdleHandler.m */,
				180D25BD195A6A64002C34DC /* UniversalDB.h */,
				180D25BE195A6A64002C34DC /* UniversalDB.m */,
				18D6C21419461E71000909F4 /* VCardParser.h */,
				18D6C21319461E71000909F4 /* VCardParser.m */,
				18D6C20D1946141F000909F4 /* Utility.h */,
				18D6C20C1946141F000909F4 /* Utility.m */,
				18D6C20A1946139F000909F4 /* SafeSlingerDB.h */,
				18D6C2091946139F000909F4 /* SafeSlingerDB.m */,
				18D6C2071946136E000909F4 /* ErrorLogger.h */,
				18D6C2061946136E000909F4 /* ErrorLogger.m */,
				18D6C20419461268000909F4 /* BackupCloud.h */,
				18D6C20319461268000909F4 /* BackupCloud.m */,
				18D6C1F41946107D000909F4 /* SSEngine.h */,
				18D6C1F31946107D000909F4 /* SSEngine.m */,
				18DE29721A75BEB0008CC41E /* RegistrationHandler.h */,
				18DE29731A75BEB0008CC41E /* RegistrationHandler.m */,
			);
			name = Utility;
			sourceTree = "<group>";
		};
		18D6C1F8194610C6000909F4 /* Products */ = {
			isa = PBXGroup;
			children = (
				18D6C1FD194610C6000909F4 /* libsafeslingerexchange.a */,
				18D6C1FF194610C6000909F4 /* exchangeui.bundle */,
			);
			name = Products;
			sourceTree = "<group>";
		};
		18FBD6C7194A0407006CA09C /* localizations */ = {
			isa = PBXGroup;
			children = (
				18FBD6C8194A0407006CA09C /* Localizable.strings */,
			);
			name = localizations;
			path = ../localizations;
			sourceTree = "<group>";
		};
/* End PBXGroup section */

/* Begin PBXNativeTarget section */
		1860573419451001002DD149 /* safeslingermessager */ = {
			isa = PBXNativeTarget;
			buildConfigurationList = 1860576A19451001002DD149 /* Build configuration list for PBXNativeTarget "safeslingermessager" */;
			buildPhases = (
				1860573119451001002DD149 /* Sources */,
				1860573219451001002DD149 /* Frameworks */,
				1860573319451001002DD149 /* Resources */,
				185D6FF01966062C00A2B1B8 /* ShellScript */,
			);
			buildRules = (
			);
			dependencies = (
				18EE9A261948E4B400445D63 /* PBXTargetDependency */,
			);
			name = safeslingermessager;
			productName = safeslingermessager;
			productReference = 1860573519451001002DD149 /* SafeSlinger.app */;
			productType = "com.apple.product-type.application";
		};
/* End PBXNativeTarget section */

/* Begin PBXProject section */
		1860572D19451000002DD149 /* Project object */ = {
			isa = PBXProject;
			attributes = {
				LastUpgradeCheck = 0700;
				ORGANIZATIONNAME = CyLab;
				TargetAttributes = {
					1860573419451001002DD149 = {
						DevelopmentTeam = 6UTF6FRSFG;
						SystemCapabilities = {
							com.apple.BackgroundModes = {
								enabled = 1;
							};
							com.apple.DataProtection = {
								enabled = 0;
							};
							com.apple.Maps.iOS = {
								enabled = 0;
							};
							com.apple.iCloud = {
								enabled = 1;
							};
							com.apple.iOS = {
								enabled = 0;
							};
						};
					};
				};
			};
			buildConfigurationList = 1860573019451000002DD149 /* Build configuration list for PBXProject "safeslingermessager" */;
			compatibilityVersion = "Xcode 3.2";
			developmentRegion = English;
			hasScannedForEncodings = 0;
			knownRegions = (
				en,
				Base,
				ar,
				bg,
				bn,
				ca,
				cs,
				da,
				de,
				el,
				es,
				fi,
				fr,
				he,
				hi,
				hu,
				id,
				it,
				ja,
				jv,
				ko,
				nl,
				no,
				pa,
				pl,
				pt,
				ro,
				ru,
				sk,
				sr,
				sv,
				tr,
				ur,
				vi,
				"zh-Hans",
				"zh-Hant",
			);
			mainGroup = 1860572C19451000002DD149;
			productRefGroup = 1860573619451001002DD149 /* Products */;
			projectDirPath = "";
			projectReferences = (
				{
					ProductGroup = 18D6C1F8194610C6000909F4 /* Products */;
					ProjectRef = 18D6C1F7194610C6000909F4 /* safeslingerexchange.xcodeproj */;
				},
			);
			projectRoot = "";
			targets = (
				1860573419451001002DD149 /* safeslingermessager */,
			);
		};
/* End PBXProject section */

/* Begin PBXReferenceProxy section */
		18D6C1FD194610C6000909F4 /* libsafeslingerexchange.a */ = {
			isa = PBXReferenceProxy;
			fileType = archive.ar;
			path = libsafeslingerexchange.a;
			remoteRef = 18D6C1FC194610C6000909F4 /* PBXContainerItemProxy */;
			sourceTree = BUILT_PRODUCTS_DIR;
		};
		18D6C1FF194610C6000909F4 /* exchangeui.bundle */ = {
			isa = PBXReferenceProxy;
			fileType = wrapper.cfbundle;
			path = exchangeui.bundle;
			remoteRef = 18D6C1FE194610C6000909F4 /* PBXContainerItemProxy */;
			sourceTree = BUILT_PRODUCTS_DIR;
		};
/* End PBXReferenceProxy section */

/* Begin PBXResourcesBuildPhase section */
		1860573319451001002DD149 /* Resources */ = {
			isa = PBXResourcesBuildPhase;
			buildActionMask = 2147483647;
			files = (
				18F908411982EFC0004B540B /* help1.PNG in Resources */,
				18F908441982F736004B540B /* help4.PNG in Resources */,
				180975EB19691F260073795C /* exchangeui.bundle in Resources */,
				18B08429197EF05C00D9805A /* help.html in Resources */,
				18D6C19E19460DC9000909F4 /* Main.storyboard in Resources */,
				180D25D1195A6AAD002C34DC /* universal.db in Resources */,
				180D25CF195A6AA2002C34DC /* tutorial.html in Resources */,
				180D25CA195A6AA2002C34DC /* step1.PNG in Resources */,
				180D25CB195A6AA2002C34DC /* step2.PNG in Resources */,
				18F908401982EFC0004B540B /* help2.PNG in Resources */,
				180D25CC195A6AA2002C34DC /* step3.PNG in Resources */,
				180D25CE195A6AA2002C34DC /* step5.PNG in Resources */,
				180D25CD195A6AA2002C34DC /* step4.PNG in Resources */,
				1860575419451001002DD149 /* Images.xcassets in Resources */,
				18FBD719194A0407006CA09C /* Localizable.strings in Resources */,
				18F908451982F736004B540B /* help3.PNG in Resources */,
				18D6C25519463EF7000909F4 /* logo.jpg in Resources */,
				1869D6571948A50400B186D3 /* safeslinger-20120828.db in Resources */,
			);
			runOnlyForDeploymentPostprocessing = 0;
		};
/* End PBXResourcesBuildPhase section */

/* Begin PBXShellScriptBuildPhase section */
		185D6FF01966062C00A2B1B8 /* ShellScript */ = {
			isa = PBXShellScriptBuildPhase;
			buildActionMask = 2147483647;
			files = (
			);
			inputPaths = (
			);
			outputPaths = (
			);
			runOnlyForDeploymentPostprocessing = 0;
			shellPath = /bin/sh;
			shellScript = "./Crashlytics.framework/run a9f2629c171299fa2ff44a07abafb7652f4e1d5c 2c2f1a2917835c61493a636c1db4509e1d23960c9bc50fb8fc1f709c66700d71";
		};
/* End PBXShellScriptBuildPhase section */

/* Begin PBXSourcesBuildPhase section */
		1860573119451001002DD149 /* Sources */ = {
			isa = PBXSourcesBuildPhase;
			buildActionMask = 2147483647;
			files = (
				1869D6601948CAEF00B186D3 /* ContactManageView.m in Sources */,
				182E22111950B5E700F5997A /* MessageDetailView.m in Sources */,
				18605791194534BB002DD149 /* SetupView.m in Sources */,
				41AE90721A0ADDAC009E08C4 /* ContactEntry.m in Sources */,
				1860574919451001002DD149 /* AppDelegate.m in Sources */,
				18DE7102194BA54C00C43F84 /* ContactCellView.m in Sources */,
				1860577D194518F2002DD149 /* SlingkeyView.m in Sources */,
				414C9E341A72EAD700E03916 /* MessageSender.m in Sources */,
				18D6C2081946136E000909F4 /* ErrorLogger.m in Sources */,
				1846A16D196221C6008C6A00 /* InvitationView.m in Sources */,
				182E220E1950AC5900F5997A /* MessageReceiver.m in Sources */,
				182EF414195626FF00CDA2D4 /* TimePicker.m in Sources */,
				180D25D7195A6AE6002C34DC /* IdleHandler.m in Sources */,
				180D25D4195A6AD9002C34DC /* UpdatePassphrase.m in Sources */,
				18D6C25A1946418C000909F4 /* MainController.m in Sources */,
				188EF46E194F90FA0022E6C3 /* ConfigView.m in Sources */,
				188EF474194F91290022E6C3 /* KeySelectionView.m in Sources */,
				18DE70FE194BA38400C43F84 /* ContactSelectView.m in Sources */,
				18FBD71C194A088E006CA09C /* AudioRecordView.m in Sources */,
				18D6C1F51946107D000909F4 /* SSEngine.m in Sources */,
				18D6C20B1946139F000909F4 /* SafeSlingerDB.m in Sources */,
				186057771945174B002DD149 /* IntroduceView.m in Sources */,
				18FBD723194A2243006CA09C /* FunctionView.m in Sources */,
				18DE29741A75BEB0008CC41E /* RegistrationHandler.m in Sources */,
				1860574519451001002DD149 /* main.m in Sources */,
				18D6C21519461E71000909F4 /* VCardParser.m in Sources */,
				41FF4BB81B0E8E1B00EE9C50 /* MessageDecryptor.m in Sources */,
				180D25BF195A6A64002C34DC /* UniversalDB.m in Sources */,
				188EF471194F911C0022E6C3 /* AboutView.m in Sources */,
				18D6C20519461268000909F4 /* BackupCloud.m in Sources */,
				18FBD720194A0EED006CA09C /* MessageView.m in Sources */,
				18D6C25019463D25000909F4 /* Passphase.m in Sources */,
				18D6C20E1946141F000909F4 /* Utility.m in Sources */,
				18FBD727194A4478006CA09C /* EndExchangeView.m in Sources */,
				18B0842C197EF14F00D9805A /* HelpAssist.m in Sources */,
				180D25C2195A6A85002C34DC /* ExchangeAssist.m in Sources */,
			);
			runOnlyForDeploymentPostprocessing = 0;
		};
/* End PBXSourcesBuildPhase section */

/* Begin PBXTargetDependency section */
		18EE9A261948E4B400445D63 /* PBXTargetDependency */ = {
			isa = PBXTargetDependency;
			name = safeslingerexchange;
			targetProxy = 18EE9A251948E4B400445D63 /* PBXContainerItemProxy */;
		};
/* End PBXTargetDependency section */

/* Begin PBXVariantGroup section */
		18FBD6C8194A0407006CA09C /* Localizable.strings */ = {
			isa = PBXVariantGroup;
			children = (
				18FBD6C9194A0407006CA09C /* ar */,
				18FBD6CC194A0407006CA09C /* bg */,
				18FBD6CD194A0407006CA09C /* bn */,
				18FBD6CF194A0407006CA09C /* ca */,
				18FBD6D1194A0407006CA09C /* cs */,
				18FBD6D3194A0407006CA09C /* da */,
				18FBD6D4194A0407006CA09C /* de */,
				18FBD6D5194A0407006CA09C /* el */,
				18FBD6D6194A0407006CA09C /* en */,
				18FBD6D8194A0407006CA09C /* es */,
				18FBD6DC194A0407006CA09C /* fi */,
				18FBD6DD194A0407006CA09C /* fr */,
				18FBD6E2194A0407006CA09C /* he */,
				18FBD6E3194A0407006CA09C /* hi */,
				18FBD6E7194A0407006CA09C /* hu */,
				18FBD6E9194A0407006CA09C /* id */,
				18FBD6EC194A0407006CA09C /* it */,
				18FBD6ED194A0407006CA09C /* ja */,
				18FBD6EE194A0407006CA09C /* jv */,
				18FBD6F2194A0407006CA09C /* ko */,
				18FBD6FE194A0407006CA09C /* nl */,
				18FBD6FF194A0407006CA09C /* no */,
				18FBD700194A0407006CA09C /* pa */,
				18FBD701194A0407006CA09C /* pl */,
				18FBD702194A0407006CA09C /* pt */,
				18FBD703194A0407006CA09C /* ro */,
				18FBD704194A0407006CA09C /* ru */,
				18FBD705194A0407006CA09C /* sk */,
				18FBD709194A0407006CA09C /* sr */,
				18FBD70A194A0407006CA09C /* sv */,
				18FBD710194A0407006CA09C /* tr */,
				18FBD712194A0407006CA09C /* ur */,
				18FBD713194A0407006CA09C /* vi */,
				18FBD716194A0407006CA09C /* zh-Hans */,
				18FBD717194A0407006CA09C /* zh-Hant */,
			);
			name = Localizable.strings;
			sourceTree = "<group>";
		};
/* End PBXVariantGroup section */

/* Begin XCBuildConfiguration section */
		1860576819451001002DD149 /* Debug */ = {
			isa = XCBuildConfiguration;
			buildSettings = {
				ALWAYS_SEARCH_USER_PATHS = NO;
				CLANG_CXX_LANGUAGE_STANDARD = "gnu++0x";
				CLANG_CXX_LIBRARY = "libc++";
				CLANG_ENABLE_MODULES = YES;
				CLANG_ENABLE_OBJC_ARC = YES;
				CLANG_WARN_BOOL_CONVERSION = YES;
				CLANG_WARN_CONSTANT_CONVERSION = YES;
				CLANG_WARN_DIRECT_OBJC_ISA_USAGE = YES_ERROR;
				CLANG_WARN_EMPTY_BODY = YES;
				CLANG_WARN_ENUM_CONVERSION = YES;
				CLANG_WARN_INT_CONVERSION = YES;
				CLANG_WARN_OBJC_ROOT_CLASS = YES_ERROR;
				CLANG_WARN__DUPLICATE_METHOD_MATCH = YES;
				CODE_SIGN_IDENTITY = "iPhone Developer: Yue-Hsun Lin (X6U2B9ZV7E)";
				"CODE_SIGN_IDENTITY[sdk=iphoneos*]" = "iPhone Developer: Yue-Hsun Lin (X6U2B9ZV7E)";
				COPY_PHASE_STRIP = NO;
				ENABLE_BITCODE = NO;
				ENABLE_TESTABILITY = YES;
				GCC_C_LANGUAGE_STANDARD = gnu99;
				GCC_DYNAMIC_NO_PIC = NO;
				GCC_OPTIMIZATION_LEVEL = 0;
				GCC_PREPROCESSOR_DEFINITIONS = (
					"DEBUG=1",
					"$(inherited)",
				);
				GCC_SYMBOLS_PRIVATE_EXTERN = NO;
				GCC_WARN_64_TO_32_BIT_CONVERSION = YES;
				GCC_WARN_ABOUT_RETURN_TYPE = YES_ERROR;
				GCC_WARN_UNDECLARED_SELECTOR = YES;
				GCC_WARN_UNINITIALIZED_AUTOS = YES_AGGRESSIVE;
				GCC_WARN_UNUSED_FUNCTION = YES;
				GCC_WARN_UNUSED_VARIABLE = YES;
				HEADER_SEARCH_PATHS = (
					"$(inherited)",
					/Applications/Xcode.app/Contents/Developer/Toolchains/XcodeDefault.xctoolchain/usr/include,
					"$(BUILT_PRODUCTS_DIR)",
					"${SRCROOT}/../openssl-ios/include",
					"${SRCROOT}/../sha3-ios-binary/include",
				);
				IPHONEOS_DEPLOYMENT_TARGET = 9.0;
				LIBRARY_SEARCH_PATHS = "$(SRCROOT)/../openssl-ios/lib";
				ONLY_ACTIVE_ARCH = YES;
				OTHER_LDFLAGS = "";
				SDKROOT = iphoneos;
			};
			name = Debug;
		};
		1860576919451001002DD149 /* Release */ = {
			isa = XCBuildConfiguration;
			buildSettings = {
				ALWAYS_SEARCH_USER_PATHS = NO;
				CLANG_CXX_LANGUAGE_STANDARD = "gnu++0x";
				CLANG_CXX_LIBRARY = "libc++";
				CLANG_ENABLE_MODULES = YES;
				CLANG_ENABLE_OBJC_ARC = YES;
				CLANG_WARN_BOOL_CONVERSION = YES;
				CLANG_WARN_CONSTANT_CONVERSION = YES;
				CLANG_WARN_DIRECT_OBJC_ISA_USAGE = YES_ERROR;
				CLANG_WARN_EMPTY_BODY = YES;
				CLANG_WARN_ENUM_CONVERSION = YES;
				CLANG_WARN_INT_CONVERSION = YES;
				CLANG_WARN_OBJC_ROOT_CLASS = YES_ERROR;
				CLANG_WARN__DUPLICATE_METHOD_MATCH = YES;
				CODE_SIGN_IDENTITY = "iPhone Distribution";
				"CODE_SIGN_IDENTITY[sdk=iphoneos*]" = "iPhone Distribution";
				COPY_PHASE_STRIP = YES;
				ENABLE_BITCODE = NO;
				ENABLE_NS_ASSERTIONS = NO;
				GCC_C_LANGUAGE_STANDARD = gnu99;
				GCC_WARN_64_TO_32_BIT_CONVERSION = YES;
				GCC_WARN_ABOUT_RETURN_TYPE = YES_ERROR;
				GCC_WARN_UNDECLARED_SELECTOR = YES;
				GCC_WARN_UNINITIALIZED_AUTOS = YES_AGGRESSIVE;
				GCC_WARN_UNUSED_FUNCTION = YES;
				GCC_WARN_UNUSED_VARIABLE = YES;
				HEADER_SEARCH_PATHS = (
					"$(inherited)",
					/Applications/Xcode.app/Contents/Developer/Toolchains/XcodeDefault.xctoolchain/usr/include,
					"$(BUILT_PRODUCTS_DIR)",
					"${SRCROOT}/../openssl-ios/include",
					"${SRCROOT}/../sha3-ios-binary/include",
				);
				IPHONEOS_DEPLOYMENT_TARGET = 9.0;
				LIBRARY_SEARCH_PATHS = "$(SRCROOT)/../openssl-ios/lib";
				ONLY_ACTIVE_ARCH = NO;
				OTHER_LDFLAGS = "";
				SDKROOT = iphoneos;
				VALIDATE_PRODUCT = YES;
			};
			name = Release;
		};
		1860576B19451001002DD149 /* Debug */ = {
			isa = XCBuildConfiguration;
			buildSettings = {
				ASSETCATALOG_COMPILER_APPICON_NAME = AppIcon;
				ASSETCATALOG_COMPILER_LAUNCHIMAGE_NAME = LaunchImage;
				CODE_SIGN_ENTITLEMENTS = safeslingermessager/SafeSlinger.entitlements;
				CODE_SIGN_IDENTITY = "iPhone Developer";
				"CODE_SIGN_IDENTITY[sdk=iphoneos*]" = "iPhone Developer";
				DEPLOYMENT_LOCATION = NO;
				ENABLE_BITCODE = NO;
				FRAMEWORK_SEARCH_PATHS = (
					"$(inherited)",
					"$(PROJECT_DIR)",
				);
				GCC_PRECOMPILE_PREFIX_HEADER = YES;
				GCC_PREFIX_HEADER = "safeslingermessager/safeslingermessager-Prefix.pch";
				HEADER_SEARCH_PATHS = (
					"$(inherited)",
					"${SRCROOT}/../safeslingerexchange/**",
					"${SRCROOT}/../openssl-ios/include",
					"${SRCROOT}/../sha3-ios-binary/include",
				);
				INFOPLIST_FILE = "safeslingermessager/safeslingermessager-Info.plist";
				IPHONEOS_DEPLOYMENT_TARGET = 8.4;
				LIBRARY_SEARCH_PATHS = "$(inherited)";
				ONLY_ACTIVE_ARCH = NO;
				OTHER_LDFLAGS = "-ObjC";
				PRODUCT_BUNDLE_IDENTIFIER = com.safeslinger.app;
				PRODUCT_NAME = SafeSlinger;
				PROVISIONING_PROFILE = "";
				TARGETED_DEVICE_FAMILY = 1;
				VALID_ARCHS = "$(ARCHS_STANDARD) armv7s";
				WRAPPER_EXTENSION = app;
			};
			name = Debug;
		};
		1860576C19451001002DD149 /* Release */ = {
			isa = XCBuildConfiguration;
			buildSettings = {
				ASSETCATALOG_COMPILER_APPICON_NAME = AppIcon;
				ASSETCATALOG_COMPILER_LAUNCHIMAGE_NAME = LaunchImage;
				CODE_SIGN_ENTITLEMENTS = safeslingermessager/SafeSlinger.entitlements;
				CODE_SIGN_IDENTITY = "iPhone Distribution";
				"CODE_SIGN_IDENTITY[sdk=iphoneos*]" = "iPhone Distribution";
				DEPLOYMENT_LOCATION = NO;
				ENABLE_BITCODE = NO;
				FRAMEWORK_SEARCH_PATHS = (
					"$(inherited)",
					"$(PROJECT_DIR)",
				);
				GCC_PRECOMPILE_PREFIX_HEADER = YES;
				GCC_PREFIX_HEADER = "safeslingermessager/safeslingermessager-Prefix.pch";
				HEADER_SEARCH_PATHS = (
					"$(inherited)",
					"${SRCROOT}/../safeslingerexchange/**",
					"${SRCROOT}/../openssl-ios/include",
					"${SRCROOT}/../sha3-ios-binary/include",
				);
				INFOPLIST_FILE = "safeslingermessager/safeslingermessager-Info.plist";
				IPHONEOS_DEPLOYMENT_TARGET = 8.4;
				LIBRARY_SEARCH_PATHS = "$(inherited)";
				ONLY_ACTIVE_ARCH = YES;
				OTHER_LDFLAGS = "-ObjC";
				PRODUCT_BUNDLE_IDENTIFIER = com.safeslinger.app;
				PRODUCT_NAME = SafeSlinger;
				PROVISIONING_PROFILE = "";
				TARGETED_DEVICE_FAMILY = 1;
				VALID_ARCHS = "$(ARCHS_STANDARD) armv7s";
				WRAPPER_EXTENSION = app;
			};
			name = Release;
		};
/* End XCBuildConfiguration section */

/* Begin XCConfigurationList section */
		1860573019451000002DD149 /* Build configuration list for PBXProject "safeslingermessager" */ = {
			isa = XCConfigurationList;
			buildConfigurations = (
				1860576819451001002DD149 /* Debug */,
				1860576919451001002DD149 /* Release */,
			);
			defaultConfigurationIsVisible = 0;
			defaultConfigurationName = Release;
		};
		1860576A19451001002DD149 /* Build configuration list for PBXNativeTarget "safeslingermessager" */ = {
			isa = XCConfigurationList;
			buildConfigurations = (
				1860576B19451001002DD149 /* Debug */,
				1860576C19451001002DD149 /* Release */,
			);
			defaultConfigurationIsVisible = 0;
			defaultConfigurationName = Release;
		};
/* End XCConfigurationList section */
	};
	rootObject = 1860572D19451000002DD149 /* Project object */;
}
