// !$*UTF8*$!
{
	archiveVersion = 1;
	classes = {
	};
	objectVersion = 46;
	objects = {

/* Begin PBXBuildFile section */
		18CA82D51694928100DFA136 /* Foundation.framework in Frameworks */ = {isa = PBXBuildFile; fileRef = 18CA82D41694928100DFA136 /* Foundation.framework */; };
		18CA82DA1694928200DFA136 /* sha3.h in CopyFiles */ = {isa = PBXBuildFile; fileRef = 18CA82D91694928200DFA136 /* sha3.h */; };
		18CA82DC1694928200DFA136 /* sha3.m in Sources */ = {isa = PBXBuildFile; fileRef = 18CA82DB1694928200DFA136 /* sha3.m */; };
		18CA83A11694AD7E00DFA136 /* keccak.c in Sources */ = {isa = PBXBuildFile; fileRef = 18CA839F1694AD7E00DFA136 /* keccak.c */; };
		18F22118180C69EC003B0F7A /* sph_keccak.h in Headers */ = {isa = PBXBuildFile; fileRef = 18CA83A01694AD7E00DFA136 /* sph_keccak.h */; };
		18F22119180C69EC003B0F7A /* sph_types.h in Headers */ = {isa = PBXBuildFile; fileRef = 18CA839E1694AD5D00DFA136 /* sph_types.h */; };
		18F2211A180C69EC003B0F7A /* sha3.h in Headers */ = {isa = PBXBuildFile; fileRef = 18CA82D91694928200DFA136 /* sha3.h */; };
/* End PBXBuildFile section */

/* Begin PBXCopyFilesBuildPhase section */
		18CA82CF1694928100DFA136 /* CopyFiles */ = {
			isa = PBXCopyFilesBuildPhase;
			buildActionMask = 2147483647;
			dstPath = include/sha3;
			dstSubfolderSpec = 16;
			files = (
				18CA82DA1694928200DFA136 /* sha3.h in CopyFiles */,
			);
			runOnlyForDeploymentPostprocessing = 0;
		};
/* End PBXCopyFilesBuildPhase section */

/* Begin PBXFileReference section */
		18CA82D11694928100DFA136 /* libsha3-ios.a */ = {isa = PBXFileReference; explicitFileType = archive.ar; includeInIndex = 0; path = "libsha3-ios.a"; sourceTree = BUILT_PRODUCTS_DIR; };
		18CA82D41694928100DFA136 /* Foundation.framework */ = {isa = PBXFileReference; lastKnownFileType = wrapper.framework; name = Foundation.framework; path = System/Library/Frameworks/Foundation.framework; sourceTree = SDKROOT; };
		18CA82D81694928200DFA136 /* sha3-ios-Prefix.pch */ = {isa = PBXFileReference; lastKnownFileType = sourcecode.c.h; path = "sha3-ios-Prefix.pch"; sourceTree = "<group>"; };
		18CA82D91694928200DFA136 /* sha3.h */ = {isa = PBXFileReference; lastKnownFileType = sourcecode.c.h; path = sha3.h; sourceTree = "<group>"; };
		18CA82DB1694928200DFA136 /* sha3.m */ = {isa = PBXFileReference; lastKnownFileType = sourcecode.c.objc; path = sha3.m; sourceTree = "<group>"; };
		18CA839E1694AD5D00DFA136 /* sph_types.h */ = {isa = PBXFileReference; fileEncoding = 4; lastKnownFileType = sourcecode.c.h; path = sph_types.h; sourceTree = "<group>"; };
		18CA839F1694AD7E00DFA136 /* keccak.c */ = {isa = PBXFileReference; fileEncoding = 4; lastKnownFileType = sourcecode.c.c; path = keccak.c; sourceTree = "<group>"; };
		18CA83A01694AD7E00DFA136 /* sph_keccak.h */ = {isa = PBXFileReference; fileEncoding = 4; lastKnownFileType = sourcecode.c.h; path = sph_keccak.h; sourceTree = "<group>"; };
/* End PBXFileReference section */

/* Begin PBXFrameworksBuildPhase section */
		18CA82CE1694928100DFA136 /* Frameworks */ = {
			isa = PBXFrameworksBuildPhase;
			buildActionMask = 2147483647;
			files = (
				18CA82D51694928100DFA136 /* Foundation.framework in Frameworks */,
			);
			runOnlyForDeploymentPostprocessing = 0;
		};
/* End PBXFrameworksBuildPhase section */

/* Begin PBXGroup section */
		18CA82C61694928100DFA136 = {
			isa = PBXGroup;
			children = (
				18CA82D61694928100DFA136 /* sha3-ios */,
				18CA82D31694928100DFA136 /* Frameworks */,
				18CA82D21694928100DFA136 /* Products */,
			);
			sourceTree = "<group>";
		};
		18CA82D21694928100DFA136 /* Products */ = {
			isa = PBXGroup;
			children = (
				18CA82D11694928100DFA136 /* libsha3-ios.a */,
			);
			name = Products;
			sourceTree = "<group>";
		};
		18CA82D31694928100DFA136 /* Frameworks */ = {
			isa = PBXGroup;
			children = (
				18CA82D41694928100DFA136 /* Foundation.framework */,
			);
			name = Frameworks;
			sourceTree = "<group>";
		};
		18CA82D61694928100DFA136 /* sha3-ios */ = {
			isa = PBXGroup;
			children = (
				18CA839F1694AD7E00DFA136 /* keccak.c */,
				18CA83A01694AD7E00DFA136 /* sph_keccak.h */,
				18CA839E1694AD5D00DFA136 /* sph_types.h */,
				18CA82D91694928200DFA136 /* sha3.h */,
				18CA82DB1694928200DFA136 /* sha3.m */,
				18CA82D71694928200DFA136 /* Supporting Files */,
			);
			path = "sha3-ios";
			sourceTree = "<group>";
		};
		18CA82D71694928200DFA136 /* Supporting Files */ = {
			isa = PBXGroup;
			children = (
				18CA82D81694928200DFA136 /* sha3-ios-Prefix.pch */,
			);
			name = "Supporting Files";
			sourceTree = "<group>";
		};
/* End PBXGroup section */

/* Begin PBXHeadersBuildPhase section */
		18F22117180C69DC003B0F7A /* Headers */ = {
			isa = PBXHeadersBuildPhase;
			buildActionMask = 2147483647;
			files = (
				18F22118180C69EC003B0F7A /* sph_keccak.h in Headers */,
				18F22119180C69EC003B0F7A /* sph_types.h in Headers */,
				18F2211A180C69EC003B0F7A /* sha3.h in Headers */,
			);
			runOnlyForDeploymentPostprocessing = 0;
		};
/* End PBXHeadersBuildPhase section */

/* Begin PBXNativeTarget section */
		18CA82D01694928100DFA136 /* sha3-ios */ = {
			isa = PBXNativeTarget;
			buildConfigurationList = 18CA82F61694928200DFA136 /* Build configuration list for PBXNativeTarget "sha3-ios" */;
			buildPhases = (
				18CA82CD1694928100DFA136 /* Sources */,
				18CA82CE1694928100DFA136 /* Frameworks */,
				18CA82CF1694928100DFA136 /* CopyFiles */,
				18F22117180C69DC003B0F7A /* Headers */,
			);
			buildRules = (
			);
			dependencies = (
			);
			name = "sha3-ios";
			productName = "sha3-ios";
			productReference = 18CA82D11694928100DFA136 /* libsha3-ios.a */;
			productType = "com.apple.product-type.library.static";
		};
/* End PBXNativeTarget section */

/* Begin PBXProject section */
		18CA82C81694928100DFA136 /* Project object */ = {
			isa = PBXProject;
			attributes = {
				LastUpgradeCheck = 0500;
				ORGANIZATIONNAME = "Yueh-Hsun Lin";
			};
			buildConfigurationList = 18CA82CB1694928100DFA136 /* Build configuration list for PBXProject "sha3-ios" */;
			compatibilityVersion = "Xcode 3.2";
			developmentRegion = English;
			hasScannedForEncodings = 0;
			knownRegions = (
				en,
			);
			mainGroup = 18CA82C61694928100DFA136;
			productRefGroup = 18CA82D21694928100DFA136 /* Products */;
			projectDirPath = "";
			projectRoot = "";
			targets = (
				18CA82D01694928100DFA136 /* sha3-ios */,
			);
		};
/* End PBXProject section */

/* Begin PBXSourcesBuildPhase section */
		18CA82CD1694928100DFA136 /* Sources */ = {
			isa = PBXSourcesBuildPhase;
			buildActionMask = 2147483647;
			files = (
				18CA82DC1694928200DFA136 /* sha3.m in Sources */,
				18CA83A11694AD7E00DFA136 /* keccak.c in Sources */,
			);
			runOnlyForDeploymentPostprocessing = 0;
		};
/* End PBXSourcesBuildPhase section */

/* Begin XCBuildConfiguration section */
		18CA82F41694928200DFA136 /* Debug */ = {
			isa = XCBuildConfiguration;
			buildSettings = {
				ALWAYS_SEARCH_USER_PATHS = NO;
				CLANG_CXX_LANGUAGE_STANDARD = "gnu++0x";
				CLANG_CXX_LIBRARY = "libc++";
				CLANG_ENABLE_OBJC_ARC = YES;
				CLANG_WARN_EMPTY_BODY = YES;
				CLANG_WARN__DUPLICATE_METHOD_MATCH = YES;
				COPY_PHASE_STRIP = NO;
				GCC_C_LANGUAGE_STANDARD = gnu99;
				GCC_DYNAMIC_NO_PIC = NO;
				GCC_OPTIMIZATION_LEVEL = 0;
				GCC_PREPROCESSOR_DEFINITIONS = (
					"DEBUG=1",
					"$(inherited)",
				);
				GCC_SYMBOLS_PRIVATE_EXTERN = NO;
				GCC_WARN_ABOUT_RETURN_TYPE = YES;
				GCC_WARN_UNINITIALIZED_AUTOS = YES;
				GCC_WARN_UNUSED_VARIABLE = YES;
				IPHONEOS_DEPLOYMENT_TARGET = 6.0;
				ONLY_ACTIVE_ARCH = YES;
				SDKROOT = iphoneos;
			};
			name = Debug;
		};
		18CA82F51694928200DFA136 /* Release */ = {
			isa = XCBuildConfiguration;
			buildSettings = {
				ALWAYS_SEARCH_USER_PATHS = NO;
				CLANG_CXX_LANGUAGE_STANDARD = "gnu++0x";
				CLANG_CXX_LIBRARY = "libc++";
				CLANG_ENABLE_OBJC_ARC = YES;
				CLANG_WARN_EMPTY_BODY = YES;
				CLANG_WARN__DUPLICATE_METHOD_MATCH = YES;
				COPY_PHASE_STRIP = YES;
				GCC_C_LANGUAGE_STANDARD = gnu99;
				GCC_WARN_ABOUT_RETURN_TYPE = YES;
				GCC_WARN_UNINITIALIZED_AUTOS = YES;
				GCC_WARN_UNUSED_VARIABLE = YES;
				IPHONEOS_DEPLOYMENT_TARGET = 6.0;
				SDKROOT = iphoneos;
				VALIDATE_PRODUCT = YES;
			};
			name = Release;
		};
		18CA82F71694928200DFA136 /* Debug */ = {
			isa = XCBuildConfiguration;
			buildSettings = {
				DSTROOT = /tmp/sha3_ios.dst;
				GCC_PRECOMPILE_PREFIX_HEADER = YES;
				GCC_PREFIX_HEADER = "sha3-ios/sha3-ios-Prefix.pch";
				IPHONEOS_DEPLOYMENT_TARGET = 5.1;
				ONLY_ACTIVE_ARCH = NO;
				OTHER_LDFLAGS = "-ObjC";
				PRODUCT_NAME = "$(TARGET_NAME)";
				SKIP_INSTALL = YES;
				VALID_ARCHS = "armv7 armv7s";
			};
			name = Debug;
		};
		18CA82F81694928200DFA136 /* Release */ = {
			isa = XCBuildConfiguration;
			buildSettings = {
				DSTROOT = /tmp/sha3_ios.dst;
				GCC_PRECOMPILE_PREFIX_HEADER = YES;
				GCC_PREFIX_HEADER = "sha3-ios/sha3-ios-Prefix.pch";
				IPHONEOS_DEPLOYMENT_TARGET = 5.1;
				OTHER_LDFLAGS = "-ObjC";
				PRODUCT_NAME = "$(TARGET_NAME)";
				SKIP_INSTALL = YES;
				VALID_ARCHS = "armv7 armv7s";
			};
			name = Release;
		};
/* End XCBuildConfiguration section */

/* Begin XCConfigurationList section */
		18CA82CB1694928100DFA136 /* Build configuration list for PBXProject "sha3-ios" */ = {
			isa = XCConfigurationList;
			buildConfigurations = (
				18CA82F41694928200DFA136 /* Debug */,
				18CA82F51694928200DFA136 /* Release */,
			);
			defaultConfigurationIsVisible = 0;
			defaultConfigurationName = Release;
		};
		18CA82F61694928200DFA136 /* Build configuration list for PBXNativeTarget "sha3-ios" */ = {
			isa = XCConfigurationList;
			buildConfigurations = (
				18CA82F71694928200DFA136 /* Debug */,
				18CA82F81694928200DFA136 /* Release */,
			);
			defaultConfigurationIsVisible = 0;
			defaultConfigurationName = Release;
		};
/* End XCConfigurationList section */
	};
	rootObject = 18CA82C81694928100DFA136 /* Project object */;
}
